<?xml version="1.0" encoding="utf-8"?>
<Project ToolsVersion="4.0" xmlns="http://schemas.microsoft.com/developer/msbuild/2003">
  <ItemGroup>
    <Filter Include="源文件">
      <UniqueIdentifier>{4FC737F1-C7A5-4376-A066-2A32D752A2FF}</UniqueIdentifier>
      <Extensions>cpp;c;cc;cxx;c++;cppm;ixx;def;odl;idl;hpj;bat;asm;asmx</Extensions>
    </Filter>
    <Filter Include="头文件">
      <UniqueIdentifier>{93995380-89BD-4b04-88EB-625FBE52EBFB}</UniqueIdentifier>
      <Extensions>h;hh;hpp;hxx;h++;hm;inl;inc;ipp;xsd</Extensions>
    </Filter>
    <Filter Include="资源文件">
      <UniqueIdentifier>{67DA6AB6-F800-4c08-8B7A-83BB121AAD01}</UniqueIdentifier>
      <Extensions>rc;ico;cur;bmp;dlg;rc2;rct;bin;rgs;gif;jpg;jpeg;jpe;resx;tiff;tif;png;wav;mfcribbon-ms</Extensions>
    </Filter>
  </ItemGroup>
  <ItemGroup>
    <ClCompile Include="Core\WindowData.cpp">
      <Filter>源文件</Filter>
    </ClCompile>
    <ClCompile Include="Engine.cpp">
      <Filter>源文件</Filter>
    </ClCompile>
    <ClCompile Include="Core\Log.cpp">
      <Filter>源文件</Filter>
    </ClCompile>
    <ClCompile Include="Core\RuntimeModule.cpp">
      <Filter>源文件</Filter>
    </ClCompile>
    <ClCompile Include="Core\UtilsPath.cpp">
      <Filter>源文件</Filter>
    </ClCompile>
    <ClCompile Include="Launcher\Launcher.cpp">
      <Filter>源文件</Filter>
    </ClCompile>
    <ClCompile Include="RHI\Buffer.cpp">
      <Filter>源文件</Filter>
    </ClCompile>
    <ClCompile Include="RHI\Device.cpp">
      <Filter>源文件</Filter>
    </ClCompile>
    <ClCompile Include="RHI\Instance.cpp">
      <Filter>源文件</Filter>
    </ClCompile>
    <ClCompile Include="RHI\RHI.cpp">
      <Filter>源文件</Filter>
    </ClCompile>
    <ClCompile Include="RHI\CommandBuffer.cpp">
      <Filter>源文件</Filter>
    </ClCompile>
    <ClCompile Include="RHI\Descriptor.cpp">
      <Filter>源文件</Filter>
    </ClCompile>
    <ClCompile Include="RHI\Factory.cpp">
      <Filter>源文件</Filter>
    </ClCompile>
    <ClCompile Include="RHI\Fence.cpp">
      <Filter>源文件</Filter>
    </ClCompile>
    <ClCompile Include="RHI\Image.cpp">
      <Filter>源文件</Filter>
    </ClCompile>
    <ClCompile Include="RHI\Sampler.cpp">
      <Filter>源文件</Filter>
    </ClCompile>
    <ClCompile Include="RHI\SwapChain.cpp">
      <Filter>源文件</Filter>
    </ClCompile>
    <ClCompile Include="Scene\SceneGraph.cpp">
      <Filter>源文件</Filter>
    </ClCompile>
    <ClCompile Include="Asset\AssetCommon.cpp">
      <Filter>源文件</Filter>
    </ClCompile>
    <ClCompile Include="Asset\AssetMesh.cpp">
      <Filter>源文件</Filter>
    </ClCompile>
    <ClCompile Include="Asset\AssetSystem.cpp">
      <Filter>源文件</Filter>
    </ClCompile>
    <ClCompile Include="Asset\AssetTexture.cpp">
      <Filter>源文件</Filter>
    </ClCompile>
    <ClCompile Include="Async\Taskflow.cpp">
      <Filter>源文件</Filter>
    </ClCompile>
    <ClCompile Include="Renderer\Renderer.cpp">
      <Filter>源文件</Filter>
    </ClCompile>
    <ClCompile Include="Scene\Component\Transform.cpp">
      <Filter>源文件</Filter>
    </ClCompile>
    <ClCompile Include="Scene\SceneNode.cpp">
      <Filter>源文件</Filter>
    </ClCompile>
    <ClCompile Include="Renderer\ImGuiPass.cpp">
      <Filter>源文件</Filter>
    </ClCompile>
    <ClCompile Include="RHI\ImGuiCommon.cpp">
      <Filter>源文件</Filter>
    </ClCompile>
    <ClCompile Include="UI\UISystem.cpp">
      <Filter>源文件</Filter>
    </ClCompile>
    <ClCompile Include="Renderer\DeferredRenderer\DefferedRenderer.cpp">
      <Filter>源文件</Filter>
    </ClCompile>
    <ClCompile Include="Async\AsyncThread.cpp">
      <Filter>源文件</Filter>
    </ClCompile>
    <ClCompile Include="UI\Icon.cpp">
      <Filter>源文件</Filter>
    </ClCompile>
    <ClCompile Include="Scene\SceneManager.cpp">
      <Filter>源文件</Filter>
    </ClCompile>
    <ClCompile Include="Renderer\DeferredRenderer\SceneTextures.cpp">
      <Filter>源文件</Filter>
    </ClCompile>
    <ClCompile Include="Core\Timer.cpp">
      <Filter>源文件</Filter>
    </ClCompile>
    <ClCompile Include="Renderer\RenderTexturePool.cpp">
      <Filter>源文件</Filter>
    </ClCompile>
    <ClCompile Include="Renderer\Material.cpp">
      <Filter>源文件</Filter>
    </ClCompile>
    <ClCompile Include="Renderer\Mesh.cpp">
      <Filter>源文件</Filter>
    </ClCompile>
    <ClCompile Include="Core\UUID.cpp">
      <Filter>源文件</Filter>
    </ClCompile>
    <ClCompile Include="RHI\Bindless.cpp">
      <Filter>源文件</Filter>
    </ClCompile>
    <ClCompile Include="Scene\Component\DirectionalLightComponent.cpp">
      <Filter>源文件</Filter>
    </ClCompile>
    <ClCompile Include="Renderer\DeferredRenderer\RenderScene.cpp">
      <Filter>源文件</Filter>
    </ClCompile>
    <ClCompile Include="Scene\SceneViewCamera.cpp">
      <Filter>源文件</Filter>
    </ClCompile>
    <ClCompile Include="Scene\Component\StaticMeshComponent.cpp">
      <Filter>源文件</Filter>
    </ClCompile>
    <ClCompile Include="Renderer\DeferredRenderer\Pass\LightingPass.cpp">
      <Filter>源文件</Filter>
    </ClCompile>
    <ClCompile Include="Renderer\DeferredRenderer\Pass\TonemapperPass.cpp">
      <Filter>源文件</Filter>
    </ClCompile>
    <ClCompile Include="Renderer\DeferredRenderer\Pass\GBufferPass.cpp">
      <Filter>源文件</Filter>
    </ClCompile>
    <ClCompile Include="Renderer\DeferredRenderer\Pass\PassCommon.cpp">
      <Filter>源文件</Filter>
    </ClCompile>
    <ClCompile Include="Scene\Component.cpp">
      <Filter>源文件</Filter>
    </ClCompile>
    <ClCompile Include="Asset\AssetMaterial.cpp">
      <Filter>源文件</Filter>
    </ClCompile>
    <ClCompile Include="RHI\ObjectUpload.cpp">
      <Filter>源文件</Filter>
    </ClCompile>
    <ClCompile Include="Renderer\DeferredRenderer\Pass\CullingPass.cpp">
      <Filter>源文件</Filter>
    </ClCompile>
    <ClCompile Include="Renderer\DeferredRenderer\Pass\SDSMPass.cpp">
      <Filter>源文件</Filter>
    </ClCompile>
    <ClCompile Include="Renderer\DeferredRenderer\Pass\TAAPass.cpp">
      <Filter>源文件</Filter>
    </ClCompile>
    <ClCompile Include="Renderer\DeferredRenderer\Pass\BRDFLut.cpp">
      <Filter>源文件</Filter>
    </ClCompile>
    <ClCompile Include="Renderer\DeferredRenderer\Pass\SpecularCaptureFilter.cpp">
      <Filter>源文件</Filter>
    </ClCompile>
    <ClCompile Include="Renderer\DeferredRenderer\Pass\Bloom.cpp">
      <Filter>源文件</Filter>
    </ClCompile>
    <ClCompile Include="Renderer\DeferredRenderer\Pass\HizBuild.cpp">
      <Filter>源文件</Filter>
    </ClCompile>
    <ClCompile Include="Renderer\DeferredRenderer\Pass\SSAO.cpp">
      <Filter>源文件</Filter>
    </ClCompile>
    <ClCompile Include="Renderer\DeferredRenderer\Pass\SSSR.cpp">
      <Filter>源文件</Filter>
    </ClCompile>
    <ClCompile Include="Renderer\DeferredRenderer\Pass\BlueNoise.cpp">
      <Filter>源文件</Filter>
    </ClCompile>
    <ClCompile Include="Renderer\DeferredRenderer\Pass\EpciAtmosphere.cpp">
      <Filter>源文件</Filter>
    </ClCompile>
  </ItemGroup>
  <ItemGroup>
    <ClInclude Include="Core\Core.h">
      <Filter>头文件</Filter>
    </ClInclude>
    <ClInclude Include="Core\CVar.h">
      <Filter>头文件</Filter>
    </ClInclude>
    <ClInclude Include="Core\DeletionQueue.h">
      <Filter>头文件</Filter>
    </ClInclude>
    <ClInclude Include="Core\InputCode.h">
      <Filter>头文件</Filter>
    </ClInclude>
    <ClInclude Include="Core\WindowData.h">
      <Filter>头文件</Filter>
    </ClInclude>
    <ClInclude Include="Engine.h">
      <Filter>头文件</Filter>
    </ClInclude>
    <ClInclude Include="Core\Log.h">
      <Filter>头文件</Filter>
    </ClInclude>
    <ClInclude Include="Core\NonCopyable.h">
      <Filter>头文件</Filter>
    </ClInclude>
    <ClInclude Include="Core\RuntimeModule.h">
      <Filter>头文件</Filter>
    </ClInclude>
    <ClInclude Include="Core\TickData.h">
      <Filter>头文件</Filter>
    </ClInclude>
    <ClInclude Include="Core\Timer.h">
      <Filter>头文件</Filter>
    </ClInclude>
    <ClInclude Include="Core\UtilsPath.h">
      <Filter>头文件</Filter>
    </ClInclude>
    <ClInclude Include="Launcher\Launcher.h">
      <Filter>头文件</Filter>
    </ClInclude>
    <ClInclude Include="RHI\Buffer.h">
      <Filter>头文件</Filter>
    </ClInclude>
    <ClInclude Include="RHI\Device.h">
      <Filter>头文件</Filter>
    </ClInclude>
    <ClInclude Include="RHI\Error.h">
      <Filter>头文件</Filter>
    </ClInclude>
    <ClInclude Include="RHI\Instance.h">
      <Filter>头文件</Filter>
    </ClInclude>
    <ClInclude Include="RHI\RHI.h">
      <Filter>头文件</Filter>
    </ClInclude>
    <ClInclude Include="RHI\Common.h">
      <Filter>头文件</Filter>
    </ClInclude>
    <ClInclude Include="RHI\CommandBuffer.h">
      <Filter>头文件</Filter>
    </ClInclude>
    <ClInclude Include="RHI\Descriptor.h">
      <Filter>头文件</Filter>
    </ClInclude>
    <ClInclude Include="RHI\Factory.h">
      <Filter>头文件</Filter>
    </ClInclude>
    <ClInclude Include="RHI\Fence.h">
      <Filter>头文件</Filter>
    </ClInclude>
    <ClInclude Include="RHI\Image.h">
      <Filter>头文件</Filter>
    </ClInclude>
    <ClInclude Include="RHI\Sampler.h">
      <Filter>头文件</Filter>
    </ClInclude>
    <ClInclude Include="RHI\Shader.h">
      <Filter>头文件</Filter>
    </ClInclude>
    <ClInclude Include="RHI\SwapChain.h">
      <Filter>头文件</Filter>
    </ClInclude>
    <ClInclude Include="Scene\SceneGraph.h">
      <Filter>头文件</Filter>
    </ClInclude>
    <ClInclude Include="Asset\AssetCommon.h">
      <Filter>头文件</Filter>
    </ClInclude>
    <ClInclude Include="Asset\AssetMesh.h">
      <Filter>头文件</Filter>
    </ClInclude>
    <ClInclude Include="Asset\AssetSystem.h">
      <Filter>头文件</Filter>
    </ClInclude>
    <ClInclude Include="Asset\AssetTexture.h">
      <Filter>头文件</Filter>
    </ClInclude>
    <ClInclude Include="Async\Taskflow.h">
      <Filter>头文件</Filter>
    </ClInclude>
    <ClInclude Include="Renderer\Renderer.h">
      <Filter>头文件</Filter>
    </ClInclude>
    <ClInclude Include="Scene\Component.h">
      <Filter>头文件</Filter>
    </ClInclude>
    <ClInclude Include="Scene\Component\Transform.h">
      <Filter>头文件</Filter>
    </ClInclude>
    <ClInclude Include="Scene\SceneNode.h">
      <Filter>头文件</Filter>
    </ClInclude>
    <ClInclude Include="Renderer\ImGuiPass.h">
      <Filter>头文件</Filter>
    </ClInclude>
    <ClInclude Include="RHI\ImGuiCommon.h">
      <Filter>头文件</Filter>
    </ClInclude>
    <ClInclude Include="UI\UISystem.h">
      <Filter>头文件</Filter>
    </ClInclude>
    <ClInclude Include="Launcher\LauncherInfo.h">
      <Filter>头文件</Filter>
    </ClInclude>
    <ClInclude Include="Renderer\DeferredRenderer\DefferedRenderer.h">
      <Filter>头文件</Filter>
    </ClInclude>
    <ClInclude Include="Async\AsyncThread.h">
      <Filter>头文件</Filter>
    </ClInclude>
    <ClInclude Include="UI\Icon.h">
      <Filter>头文件</Filter>
    </ClInclude>
    <ClInclude Include="Scene\SceneManager.h">
      <Filter>头文件</Filter>
    </ClInclude>
    <ClInclude Include="Core\Singleton.h">
      <Filter>头文件</Filter>
    </ClInclude>
    <ClInclude Include="Renderer\DeferredRenderer\SceneTextures.h">
      <Filter>头文件</Filter>
    </ClInclude>
    <ClInclude Include="Renderer\RenderTexturePool.h">
      <Filter>头文件</Filter>
    </ClInclude>
    <ClInclude Include="Async\LockFreeSPSCQueue.h">
      <Filter>头文件</Filter>
    </ClInclude>
    <ClInclude Include="Core\Delegates.h">
      <Filter>头文件</Filter>
    </ClInclude>
    <ClInclude Include="Core\String.h">
      <Filter>头文件</Filter>
    </ClInclude>
    <ClInclude Include="Core\RefCounter.h">
      <Filter>头文件</Filter>
    </ClInclude>
    <ClInclude Include="Renderer\Mesh.h">
      <Filter>头文件</Filter>
    </ClInclude>
    <ClInclude Include="Renderer\Material.h">
      <Filter>头文件</Filter>
    </ClInclude>
    <ClInclude Include="Core\UUID.h">
      <Filter>头文件</Filter>
    </ClInclude>
    <ClInclude Include="RHI\Bindless.h">
      <Filter>头文件</Filter>
    </ClInclude>
    <ClInclude Include="Scene\Component\DirectionalLightComponent.h">
      <Filter>头文件</Filter>
    </ClInclude>
    <ClInclude Include="Renderer\DeferredRenderer\SceneStaticUniform.h">
      <Filter>头文件</Filter>
    </ClInclude>
    <ClInclude Include="Renderer\DeferredRenderer\RenderScene.h">
      <Filter>头文件</Filter>
    </ClInclude>
    <ClInclude Include="Scene\SceneViewCamera.h">
      <Filter>头文件</Filter>
    </ClInclude>
    <ClInclude Include="Scene\Component\StaticMeshComponent.h">
      <Filter>头文件</Filter>
    </ClInclude>
    <ClInclude Include="Renderer\DeferredRenderer\Pass\LightingPass.h">
      <Filter>头文件</Filter>
    </ClInclude>
    <ClInclude Include="Renderer\DeferredRenderer\Pass\TonemapperPass.h">
      <Filter>头文件</Filter>
    </ClInclude>
    <ClInclude Include="Renderer\DeferredRenderer\Pass\GBufferPass.h">
      <Filter>头文件</Filter>
    </ClInclude>
    <ClInclude Include="Renderer\DeferredRenderer\Pass\PassCommon.h">
      <Filter>头文件</Filter>
    </ClInclude>
    <ClInclude Include="Scene\Component\AtmosphereSky.h">
      <Filter>头文件</Filter>
    </ClInclude>
    <ClInclude Include="Asset\AssetMaterial.h">
      <Filter>头文件</Filter>
    </ClInclude>
    <ClInclude Include="RHI\ObjectUpload.h">
      <Filter>头文件</Filter>
    </ClInclude>
    <ClInclude Include="Async\WorkStealingQueue.h">
      <Filter>头文件</Filter>
    </ClInclude>
    <ClInclude Include="Async\Condition.h">
      <Filter>头文件</Filter>
    </ClInclude>
    <ClInclude Include="Async\Concurrentqueue.h">
      <Filter>头文件</Filter>
    </ClInclude>
    <ClInclude Include="Renderer\DeferredRenderer\Pass\CullingPass.h">
      <Filter>头文件</Filter>
    </ClInclude>
    <ClInclude Include="Renderer\DeferredRenderer\Pass\SDSMPass.h">
      <Filter>头文件</Filter>
    </ClInclude>
    <ClInclude Include="Renderer\DeferredRenderer\Pass\TAAPass.h">
      <Filter>头文件</Filter>
    </ClInclude>
    <ClInclude Include="Renderer\DeferredRenderer\Pass\BRDFLut.h">
      <Filter>头文件</Filter>
    </ClInclude>
    <ClInclude Include="Renderer\DeferredRenderer\Pass\SpecularCaptureFilter.h">
      <Filter>头文件</Filter>
    </ClInclude>
    <ClInclude Include="Renderer\DeferredRenderer\Pass\Bloom.h">
      <Filter>头文件</Filter>
    </ClInclude>
    <ClInclude Include="Renderer\DeferredRenderer\Pass\HizBuild.h">
      <Filter>头文件</Filter>
    </ClInclude>
    <ClInclude Include="Renderer\DeferredRenderer\Pass\SSAO.h">
      <Filter>头文件</Filter>
    </ClInclude>
    <ClInclude Include="Renderer\DeferredRenderer\Pass\SSSR.h">
      <Filter>头文件</Filter>
    </ClInclude>
    <ClInclude Include="Renderer\DeferredRenderer\Pass\BlueNoise.h">
      <Filter>头文件</Filter>
    </ClInclude>
    <ClInclude Include="Renderer\DeferredRenderer\Pass\EpicAtmosphere.h">
      <Filter>头文件</Filter>
    </ClInclude>
    <ClInclude Include="Renderer\DeferredRenderer\BlueNoise.h">
      <Filter>头文件</Filter>
    </ClInclude>
  </ItemGroup>
</Project>