
Microsoft Visual Studio Solution File, Format Version 12.00
# Visual Studio Version 17
VisualStudioVersion = 17.0.31919.166
MinimumVisualStudioVersion = 10.0.40219.1
Project("{8BC9CEB8-8B4A-11D0-8D11-00A0C91BC942}") = "Engine", "Source\Engine\Engine.vcxproj", "{274398E3-4058-4145-BF92-957BE49EE36D}"
EndProject
Project("{8BC9CEB8-8B4A-11D0-8D11-00A0C91BC942}") = "Editor", "Source\Editor\Editor.vcxproj", "{7DB47955-8BAE-49B1-BEE0-907860E47895}"
EndProject
Project("{8BC9CEB8-8B4A-11D0-8D11-00A0C91BC942}") = "ImGui", "Source\ImGui\ImGui.vcxproj", "{51373DDB-E36F-489B-904A-318769B4741F}"
EndProject
Project("{8BC9CEB8-8B4A-11D0-8D11-00A0C91BC942}") = "Hub", "Source\Hub\Hub.vcxproj", "{B8C10135-82FF-4E85-B2FA-E0201E95E00B}"
EndProject
Global
	GlobalSection(SolutionConfigurationPlatforms) = preSolution
		Debug|x64 = Debug|x64
		Release|x64 = Release|x64
	EndGlobalSection
	GlobalSection(ProjectConfigurationPlatforms) = postSolution
		{274398E3-4058-4145-BF92-957BE49EE36D}.Debug|x64.ActiveCfg = Debug|x64
		{274398E3-4058-4145-BF92-957BE49EE36D}.Debug|x64.Build.0 = Debug|x64
		{274398E3-4058-4145-BF92-957BE49EE36D}.Release|x64.ActiveCfg = Release|x64
		{274398E3-4058-4145-BF92-957BE49EE36D}.Release|x64.Build.0 = Release|x64
		{7DB47955-8BAE-49B1-BEE0-907860E47895}.Debug|x64.ActiveCfg = Debug|x64
		{7DB47955-8BAE-49B1-BEE0-907860E47895}.Debug|x64.Build.0 = Debug|x64
		{7DB47955-8BAE-49B1-BEE0-907860E47895}.Release|x64.ActiveCfg = Release|x64
		{7DB47955-8BAE-49B1-BEE0-907860E47895}.Release|x64.Build.0 = Release|x64
		{51373DDB-E36F-489B-904A-318769B4741F}.Debug|x64.ActiveCfg = Debug|x64
		{51373DDB-E36F-489B-904A-318769B4741F}.Debug|x64.Build.0 = Debug|x64
		{51373DDB-E36F-489B-904A-318769B4741F}.Release|x64.ActiveCfg = Release|x64
		{51373DDB-E36F-489B-904A-318769B4741F}.Release|x64.Build.0 = Release|x64
		{B8C10135-82FF-4E85-B2FA-E0201E95E00B}.Debug|x64.ActiveCfg = Debug|x64
		{B8C10135-82FF-4E85-B2FA-E0201E95E00B}.Debug|x64.Build.0 = Debug|x64
		{B8C10135-82FF-4E85-B2FA-E0201E95E00B}.Release|x64.ActiveCfg = Release|x64
		{B8C10135-82FF-4E85-B2FA-E0201E95E00B}.Release|x64.Build.0 = Release|x64
	EndGlobalSection
	GlobalSection(SolutionProperties) = preSolution
		HideSolutionNode = FALSE
	EndGlobalSection
	GlobalSection(ExtensibilityGlobals) = postSolution
		SolutionGuid = {7064119A-734B-4416-8E4D-0B50B793CEBB}
	EndGlobalSection
EndGlobal
