<?xml version="1.0" encoding="utf-8"?>
<Project ToolsVersion="4.0" xmlns="http://schemas.microsoft.com/developer/msbuild/2003">
  <ItemGroup>
    <Filter Include="源文件">
      <UniqueIdentifier>{4FC737F1-C7A5-4376-A066-2A32D752A2FF}</UniqueIdentifier>
      <Extensions>cpp;c;cc;cxx;c++;cppm;ixx;def;odl;idl;hpj;bat;asm;asmx</Extensions>
    </Filter>
    <Filter Include="头文件">
      <UniqueIdentifier>{93995380-89BD-4b04-88EB-625FBE52EBFB}</UniqueIdentifier>
      <Extensions>h;hh;hpp;hxx;h++;hm;inl;inc;ipp;xsd</Extensions>
    </Filter>
    <Filter Include="资源文件">
      <UniqueIdentifier>{67DA6AB6-F800-4c08-8B7A-83BB121AAD01}</UniqueIdentifier>
      <Extensions>rc;ico;cur;bmp;dlg;rc2;rct;bin;rgs;gif;jpg;jpeg;jpe;resx;tiff;tif;png;wav;mfcribbon-ms</Extensions>
    </Filter>
  </ItemGroup>
  <ItemGroup>
    <ClCompile Include="Editor.cpp">
      <Filter>源文件</Filter>
    </ClCompile>
    <ClCompile Include="Main.cpp">
      <Filter>源文件</Filter>
    </ClCompile>
    <ClCompile Include="Widget\WidgetInterface.cpp">
      <Filter>源文件</Filter>
    </ClCompile>
    <ClCompile Include="Widget\DockSpace\DockSpace.cpp">
      <Filter>源文件</Filter>
    </ClCompile>
    <ClCompile Include="Widget\DockSpace\Menu.cpp">
      <Filter>源文件</Filter>
    </ClCompile>
    <ClCompile Include="Widget\Asset\WigetAsset.cpp">
      <Filter>源文件</Filter>
    </ClCompile>
    <ClCompile Include="Widget\Asset\ContentView.cpp">
      <Filter>源文件</Filter>
    </ClCompile>
    <ClCompile Include="Widget\Asset\ContentViewItem.cpp">
      <Filter>源文件</Filter>
    </ClCompile>
    <ClCompile Include="Widget\Asset\ContentTreeItem.cpp">
      <Filter>源文件</Filter>
    </ClCompile>
    <ClCompile Include="Widget\Asset\Common.cpp">
      <Filter>源文件</Filter>
    </ClCompile>
    <ClCompile Include="Widget\Hierarchy\WidgetHierarchy.cpp">
      <Filter>源文件</Filter>
    </ClCompile>
    <ClCompile Include="Widget\Viewport\WidgetViewport.cpp">
      <Filter>源文件</Filter>
    </ClCompile>
    <ClCompile Include="Style\Icon.cpp">
      <Filter>源文件</Filter>
    </ClCompile>
    <ClCompile Include="Widget\Console\WidgetConsole.cpp">
      <Filter>源文件</Filter>
    </ClCompile>
    <ClCompile Include="Widget\Console\Console.cpp">
      <Filter>源文件</Filter>
    </ClCompile>
    <ClCompile Include="Widget\Downbar\Downbar.cpp">
      <Filter>源文件</Filter>
    </ClCompile>
    <ClCompile Include="Widget\Inspector\WidgetInspector.cpp">
      <Filter>源文件</Filter>
    </ClCompile>
    <ClCompile Include="Widget\Inspector\Components\InspectTransform.cpp">
      <Filter>源文件</Filter>
    </ClCompile>
    <ClCompile Include="Widget\WidgetCommon.cpp">
      <Filter>源文件</Filter>
    </ClCompile>
    <ClCompile Include="Widget\Inspector\Components\InspectDirectionalLight.cpp">
      <Filter>源文件</Filter>
    </ClCompile>
    <ClCompile Include="Widget\Inspector\Components\InspectStaticMesh.cpp">
      <Filter>源文件</Filter>
    </ClCompile>
    <ClCompile Include="Widget\Inspector\Components\InspectAtmosphereSky.cpp">
      <Filter>源文件</Filter>
    </ClCompile>
  </ItemGroup>
  <ItemGroup>
    <ClInclude Include="Editor.h">
      <Filter>头文件</Filter>
    </ClInclude>
    <ClInclude Include="Widget\WidgetInterface.h">
      <Filter>头文件</Filter>
    </ClInclude>
    <ClInclude Include="Widget\DockSpace\DockSpace.h">
      <Filter>头文件</Filter>
    </ClInclude>
    <ClInclude Include="Widget\DockSpace\Menu.h">
      <Filter>头文件</Filter>
    </ClInclude>
    <ClInclude Include="Widget\Asset\WigetAsset.h">
      <Filter>头文件</Filter>
    </ClInclude>
    <ClInclude Include="Widget\Asset\ContentView.h">
      <Filter>头文件</Filter>
    </ClInclude>
    <ClInclude Include="Style\Icon.h">
      <Filter>头文件</Filter>
    </ClInclude>
    <ClInclude Include="Widget\Asset\ContentViewItem.h">
      <Filter>头文件</Filter>
    </ClInclude>
    <ClInclude Include="Widget\Asset\Common.h">
      <Filter>头文件</Filter>
    </ClInclude>
    <ClInclude Include="Widget\Asset\ContentTreeItem.h">
      <Filter>头文件</Filter>
    </ClInclude>
    <ClInclude Include="Widget\Hierarchy\WidgetHierarchy.h">
      <Filter>头文件</Filter>
    </ClInclude>
    <ClInclude Include="Widget\Viewport\WidgetViewport.h">
      <Filter>头文件</Filter>
    </ClInclude>
    <ClInclude Include="Widget\Console\WidgetConsole.h">
      <Filter>头文件</Filter>
    </ClInclude>
    <ClInclude Include="Widget\Console\Console.h">
      <Filter>头文件</Filter>
    </ClInclude>
    <ClInclude Include="Widget\WidgetDemo.h">
      <Filter>头文件</Filter>
    </ClInclude>
    <ClInclude Include="Widget\Downbar\Downbar.h">
      <Filter>头文件</Filter>
    </ClInclude>
    <ClInclude Include="Widget\Inspector\WidgetInspector.h">
      <Filter>头文件</Filter>
    </ClInclude>
    <ClInclude Include="Widget\WidgetCommon.h">
      <Filter>头文件</Filter>
    </ClInclude>
    <ClInclude Include="Widget\Inspector\Components\ComponentCommon.h">
      <Filter>头文件</Filter>
    </ClInclude>
  </ItemGroup>
</Project>